
Microsoft Visual Studio Solution File, Format Version 12.00
# Visual Studio Version 17
VisualStudioVersion = 17.5.33530.505
MinimumVisualStudioVersion = 10.0.40219.1
Project("{9A19103F-16F7-4668-BE54-9A1E7A4F7556}") = "MagicVilla_API", "MagicVilla_API\MagicVilla_API.csproj", "{9045B1C0-AFFF-4BC3-AF33-983F82FCECD3}"
EndProject
Project("{FAE04EC0-301F-11D3-BF4B-00C04F79EFBC}") = "MagicVilla_Web", "MagicVilla_Web\MagicVilla_Web.csproj", "{0C873B92-9655-4905-9EEC-16BE926316DE}"
EndProject
Global
	GlobalSection(SolutionConfigurationPlatforms) = preSolution
		Debug|Any CPU = Debug|Any CPU
		Release|Any CPU = Release|Any CPU
	EndGlobalSection
	GlobalSection(ProjectConfigurationPlatforms) = postSolution
		{9045B1C0-AFFF-4BC3-AF33-983F82FCECD3}.Debug|Any CPU.ActiveCfg = Debug|Any CPU
		{9045B1C0-AFFF-4BC3-AF33-983F82FCECD3}.Debug|Any CPU.Build.0 = Debug|Any CPU
		{9045B1C0-AFFF-4BC3-AF33-983F82FCECD3}.Release|Any CPU.ActiveCfg = Release|Any CPU
		{9045B1C0-AFFF-4BC3-AF33-983F82FCECD3}.Release|Any CPU.Build.0 = Release|Any CPU
		{0C873B92-9655-4905-9EEC-16BE926316DE}.Debug|Any CPU.ActiveCfg = Debug|Any CPU
		{0C873B92-9655-4905-9EEC-16BE926316DE}.Debug|Any CPU.Build.0 = Debug|Any CPU
		{0C873B92-9655-4905-9EEC-16BE926316DE}.Release|Any CPU.ActiveCfg = Release|Any CPU
		{0C873B92-9655-4905-9EEC-16BE926316DE}.Release|Any CPU.Build.0 = Release|Any CPU
	EndGlobalSection
	GlobalSection(SolutionProperties) = preSolution
		HideSolutionNode = FALSE
	EndGlobalSection
	GlobalSection(ExtensibilityGlobals) = postSolution
		SolutionGuid = {D7181A69-9BAD-4CF2-9BEA-9E3A1E8BF72F}
	EndGlobalSection
EndGlobal
